
Microsoft Visual Studio Solution File, Format Version 12.00
# Visual Studio Version 17
VisualStudioVersion = 17.10.34928.147
MinimumVisualStudioVersion = 10.0.40219.1
Project("{FAE04EC0-301F-11D3-BF4B-00C04F79EFBC}") = "ReferenceAndValueApp", "ReferenceAndValueApp\ReferenceAndValueApp.csproj", "{7E4A3611-B56F-471A-AC1C-86EAB18C4B76}"
EndProject
Project("{FAE04EC0-301F-11D3-BF4B-00C04F79EFBC}") = "PalindromeApp", "PalindromeApp\PalindromeApp.csproj", "{6F22876B-470D-4392-B924-6CC31D4D4B38}"
EndProject
Global
	GlobalSection(SolutionConfigurationPlatforms) = preSolution
		Debug|Any CPU = Debug|Any CPU
		Release|Any CPU = Release|Any CPU
	EndGlobalSection
	GlobalSection(ProjectConfigurationPlatforms) = postSolution
		{7E4A3611-B56F-471A-AC1C-86EAB18C4B76}.Debug|Any CPU.ActiveCfg = Debug|Any CPU
		{7E4A3611-B56F-471A-AC1C-86EAB18C4B76}.Debug|Any CPU.Build.0 = Debug|Any CPU
		{7E4A3611-B56F-471A-AC1C-86EAB18C4B76}.Release|Any CPU.ActiveCfg = Release|Any CPU
		{7E4A3611-B56F-471A-AC1C-86EAB18C4B76}.Release|Any CPU.Build.0 = Release|Any CPU
		{6F22876B-470D-4392-B924-6CC31D4D4B38}.Debug|Any CPU.ActiveCfg = Debug|Any CPU
		{6F22876B-470D-4392-B924-6CC31D4D4B38}.Debug|Any CPU.Build.0 = Debug|Any CPU
		{6F22876B-470D-4392-B924-6CC31D4D4B38}.Release|Any CPU.ActiveCfg = Release|Any CPU
		{6F22876B-470D-4392-B924-6CC31D4D4B38}.Release|Any CPU.Build.0 = Release|Any CPU
	EndGlobalSection
	GlobalSection(SolutionProperties) = preSolution
		HideSolutionNode = FALSE
	EndGlobalSection
	GlobalSection(ExtensibilityGlobals) = postSolution
		SolutionGuid = {1F16A2E3-E37A-49C4-8374-40464BCC5F24}
	EndGlobalSection
EndGlobal
